// !$*UTF8*$!
{
	archiveVersion = 1;
	classes = {
	};
	objectVersion = 56;
	objects = {

/* Begin PBXBuildFile section */
		583C439B296FF5580086A093 /* AppDelegate.swift in Sources */ = {isa = PBXBuildFile; fileRef = 583C439A296FF5580086A093 /* AppDelegate.swift */; };
		583C439D296FF5580086A093 /* SceneDelegate.swift in Sources */ = {isa = PBXBuildFile; fileRef = 583C439C296FF5580086A093 /* SceneDelegate.swift */; };
		583C43A4296FF5590086A093 /* Assets.xcassets in Resources */ = {isa = PBXBuildFile; fileRef = 583C43A3296FF5590086A093 /* Assets.xcassets */; };
		583C43A7296FF5590086A093 /* LaunchScreen.storyboard in Resources */ = {isa = PBXBuildFile; fileRef = 583C43A5296FF5590086A093 /* LaunchScreen.storyboard */; };
		583C43B0296FFBE80086A093 /* Constants.swift in Sources */ = {isa = PBXBuildFile; fileRef = 583C43AF296FFBE80086A093 /* Constants.swift */; };
		583C43B3296FFC110086A093 /* Extensions.swift in Sources */ = {isa = PBXBuildFile; fileRef = 583C43B2296FFC110086A093 /* Extensions.swift */; };
		583C43B7296FFC890086A093 /* Note.swift in Sources */ = {isa = PBXBuildFile; fileRef = 583C43B6296FFC890086A093 /* Note.swift */; };
		583C43B9296FFCB00086A093 /* NoteStorage.swift in Sources */ = {isa = PBXBuildFile; fileRef = 583C43B8296FFCB00086A093 /* NoteStorage.swift */; };
		583C43C2296FFDA80086A093 /* NoteListAssemble.swift in Sources */ = {isa = PBXBuildFile; fileRef = 583C43C1296FFDA80086A093 /* NoteListAssemble.swift */; };
		583C43C4296FFDB80086A093 /* NoteListPresenter.swift in Sources */ = {isa = PBXBuildFile; fileRef = 583C43C3296FFDB80086A093 /* NoteListPresenter.swift */; };
		583C43C6296FFDCD0086A093 /* NoteListPresenterProtocol.swift in Sources */ = {isa = PBXBuildFile; fileRef = 583C43C5296FFDCD0086A093 /* NoteListPresenterProtocol.swift */; };
		583C43C8296FFDE20086A093 /* NoteListViewController.swift in Sources */ = {isa = PBXBuildFile; fileRef = 583C43C7296FFDE20086A093 /* NoteListViewController.swift */; };
		583C43CA296FFDEB0086A093 /* NoteListViewInput.swift in Sources */ = {isa = PBXBuildFile; fileRef = 583C43C9296FFDEB0086A093 /* NoteListViewInput.swift */; };
		583C43D0297004B50086A093 /* NoteInfoAssemble.swift in Sources */ = {isa = PBXBuildFile; fileRef = 583C43CF297004B50086A093 /* NoteInfoAssemble.swift */; };
		583C43D3297004FF0086A093 /* NoteInfoViewController.swift in Sources */ = {isa = PBXBuildFile; fileRef = 583C43D2297004FF0086A093 /* NoteInfoViewController.swift */; };
		583C43D52970054C0086A093 /* NoteInfoViewInput.swift in Sources */ = {isa = PBXBuildFile; fileRef = 583C43D42970054C0086A093 /* NoteInfoViewInput.swift */; };
		583C43D82970057B0086A093 /* NoteInfoPresenterProtocol.swift in Sources */ = {isa = PBXBuildFile; fileRef = 583C43D72970057B0086A093 /* NoteInfoPresenterProtocol.swift */; };
		583C43DA297005900086A093 /* NoteInfoPresenter.swift in Sources */ = {isa = PBXBuildFile; fileRef = 583C43D9297005900086A093 /* NoteInfoPresenter.swift */; };
		583C43DD2970091A0086A093 /* NoteListCell.swift in Sources */ = {isa = PBXBuildFile; fileRef = 583C43DC2970091A0086A093 /* NoteListCell.swift */; };
		583C43DF2970094E0086A093 /* DateFormat.swift in Sources */ = {isa = PBXBuildFile; fileRef = 583C43DE2970094D0086A093 /* DateFormat.swift */; };
/* End PBXBuildFile section */

/* Begin PBXFileReference section */
		583C4397296FF5580086A093 /* SimpleNotes.app */ = {isa = PBXFileReference; explicitFileType = wrapper.application; includeInIndex = 0; path = SimpleNotes.app; sourceTree = BUILT_PRODUCTS_DIR; };
		583C439A296FF5580086A093 /* AppDelegate.swift */ = {isa = PBXFileReference; lastKnownFileType = sourcecode.swift; path = AppDelegate.swift; sourceTree = "<group>"; };
		583C439C296FF5580086A093 /* SceneDelegate.swift */ = {isa = PBXFileReference; lastKnownFileType = sourcecode.swift; path = SceneDelegate.swift; sourceTree = "<group>"; };
		583C43A3296FF5590086A093 /* Assets.xcassets */ = {isa = PBXFileReference; lastKnownFileType = folder.assetcatalog; path = Assets.xcassets; sourceTree = "<group>"; };
		583C43A6296FF5590086A093 /* Base */ = {isa = PBXFileReference; lastKnownFileType = file.storyboard; name = Base; path = Base.lproj/LaunchScreen.storyboard; sourceTree = "<group>"; };
		583C43A8296FF5590086A093 /* Info.plist */ = {isa = PBXFileReference; lastKnownFileType = text.plist.xml; path = Info.plist; sourceTree = "<group>"; };
		583C43AF296FFBE80086A093 /* Constants.swift */ = {isa = PBXFileReference; lastKnownFileType = sourcecode.swift; path = Constants.swift; sourceTree = "<group>"; };
		583C43B2296FFC110086A093 /* Extensions.swift */ = {isa = PBXFileReference; lastKnownFileType = sourcecode.swift; path = Extensions.swift; sourceTree = "<group>"; };
		583C43B6296FFC890086A093 /* Note.swift */ = {isa = PBXFileReference; lastKnownFileType = sourcecode.swift; path = Note.swift; sourceTree = "<group>"; };
		583C43B8296FFCB00086A093 /* NoteStorage.swift */ = {isa = PBXFileReference; lastKnownFileType = sourcecode.swift; path = NoteStorage.swift; sourceTree = "<group>"; };
		583C43C1296FFDA80086A093 /* NoteListAssemble.swift */ = {isa = PBXFileReference; lastKnownFileType = sourcecode.swift; path = NoteListAssemble.swift; sourceTree = "<group>"; };
		583C43C3296FFDB80086A093 /* NoteListPresenter.swift */ = {isa = PBXFileReference; lastKnownFileType = sourcecode.swift; path = NoteListPresenter.swift; sourceTree = "<group>"; };
		583C43C5296FFDCD0086A093 /* NoteListPresenterProtocol.swift */ = {isa = PBXFileReference; lastKnownFileType = sourcecode.swift; path = NoteListPresenterProtocol.swift; sourceTree = "<group>"; };
		583C43C7296FFDE20086A093 /* NoteListViewController.swift */ = {isa = PBXFileReference; lastKnownFileType = sourcecode.swift; path = NoteListViewController.swift; sourceTree = "<group>"; };
		583C43C9296FFDEB0086A093 /* NoteListViewInput.swift */ = {isa = PBXFileReference; lastKnownFileType = sourcecode.swift; path = NoteListViewInput.swift; sourceTree = "<group>"; };
		583C43CF297004B50086A093 /* NoteInfoAssemble.swift */ = {isa = PBXFileReference; lastKnownFileType = sourcecode.swift; path = NoteInfoAssemble.swift; sourceTree = "<group>"; };
		583C43D2297004FF0086A093 /* NoteInfoViewController.swift */ = {isa = PBXFileReference; lastKnownFileType = sourcecode.swift; path = NoteInfoViewController.swift; sourceTree = "<group>"; };
		583C43D42970054C0086A093 /* NoteInfoViewInput.swift */ = {isa = PBXFileReference; lastKnownFileType = sourcecode.swift; path = NoteInfoViewInput.swift; sourceTree = "<group>"; };
		583C43D72970057B0086A093 /* NoteInfoPresenterProtocol.swift */ = {isa = PBXFileReference; lastKnownFileType = sourcecode.swift; path = NoteInfoPresenterProtocol.swift; sourceTree = "<group>"; };
		583C43D9297005900086A093 /* NoteInfoPresenter.swift */ = {isa = PBXFileReference; lastKnownFileType = sourcecode.swift; path = NoteInfoPresenter.swift; sourceTree = "<group>"; };
		583C43DC2970091A0086A093 /* NoteListCell.swift */ = {isa = PBXFileReference; lastKnownFileType = sourcecode.swift; path = NoteListCell.swift; sourceTree = "<group>"; };
		583C43DE2970094D0086A093 /* DateFormat.swift */ = {isa = PBXFileReference; lastKnownFileType = sourcecode.swift; path = DateFormat.swift; sourceTree = "<group>"; };
/* End PBXFileReference section */

/* Begin PBXFrameworksBuildPhase section */
		583C4394296FF5580086A093 /* Frameworks */ = {
			isa = PBXFrameworksBuildPhase;
			buildActionMask = 2147483647;
			files = (
			);
			runOnlyForDeploymentPostprocessing = 0;
		};
/* End PBXFrameworksBuildPhase section */

/* Begin PBXGroup section */
		583C438E296FF5580086A093 = {
			isa = PBXGroup;
			children = (
				583C4399296FF5580086A093 /* SimpleNotes */,
				583C4398296FF5580086A093 /* Products */,
			);
			sourceTree = "<group>";
		};
		583C4398296FF5580086A093 /* Products */ = {
			isa = PBXGroup;
			children = (
				583C4397296FF5580086A093 /* SimpleNotes.app */,
			);
			name = Products;
			sourceTree = "<group>";
		};
		583C4399296FF5580086A093 /* SimpleNotes */ = {
			isa = PBXGroup;
			children = (
				583C43B4296FFC2A0086A093 /* Application */,
				583C43B1296FFBF20086A093 /* Support files */,
				583C43BA296FFD0A0086A093 /* Services */,
				583C43B5296FFC7B0086A093 /* Model */,
				583C43BE296FFD720086A093 /* Modules */,
				583C43A3296FF5590086A093 /* Assets.xcassets */,
				583C43A5296FF5590086A093 /* LaunchScreen.storyboard */,
				583C43A8296FF5590086A093 /* Info.plist */,
			);
			path = SimpleNotes;
			sourceTree = "<group>";
		};
		583C43B1296FFBF20086A093 /* Support files */ = {
			isa = PBXGroup;
			children = (
				583C43AF296FFBE80086A093 /* Constants.swift */,
				583C43B2296FFC110086A093 /* Extensions.swift */,
				583C43DE2970094D0086A093 /* DateFormat.swift */,
			);
			path = "Support files";
			sourceTree = "<group>";
		};
		583C43B4296FFC2A0086A093 /* Application */ = {
			isa = PBXGroup;
			children = (
				583C439A296FF5580086A093 /* AppDelegate.swift */,
				583C439C296FF5580086A093 /* SceneDelegate.swift */,
			);
			path = Application;
			sourceTree = "<group>";
		};
		583C43B5296FFC7B0086A093 /* Model */ = {
			isa = PBXGroup;
			children = (
				583C43B6296FFC890086A093 /* Note.swift */,
			);
			path = Model;
			sourceTree = "<group>";
		};
		583C43BA296FFD0A0086A093 /* Services */ = {
			isa = PBXGroup;
			children = (
				583C43BD296FFD410086A093 /* Manager */,
			);
			path = Services;
			sourceTree = "<group>";
		};
		583C43BD296FFD410086A093 /* Manager */ = {
			isa = PBXGroup;
			children = (
				583C43B8296FFCB00086A093 /* NoteStorage.swift */,
			);
			path = Manager;
			sourceTree = "<group>";
		};
		583C43BE296FFD720086A093 /* Modules */ = {
			isa = PBXGroup;
			children = (
				583C43C0296FFD920086A093 /* NoteListModule */,
				583C43BF296FFD830086A093 /* NoteInfoModule */,
			);
			path = Modules;
			sourceTree = "<group>";
		};
		583C43BF296FFD830086A093 /* NoteInfoModule */ = {
			isa = PBXGroup;
			children = (
				583C43CE297004A80086A093 /* NoteInfoAssemble */,
				583C43D6297005610086A093 /* NoteInfoPresenter */,
				583C43D1297004F20086A093 /* NoteInfoView */,
			);
			path = NoteInfoModule;
			sourceTree = "<group>";
		};
		583C43C0296FFD920086A093 /* NoteListModule */ = {
			isa = PBXGroup;
			children = (
				583C43CB296FFDF30086A093 /* NoteListAssemble */,
				583C43CD296FFE4C0086A093 /* NoteListPresenter */,
				583C43CC296FFE370086A093 /* NoteListView */,
			);
			path = NoteListModule;
			sourceTree = "<group>";
		};
		583C43CB296FFDF30086A093 /* NoteListAssemble */ = {
			isa = PBXGroup;
			children = (
				583C43C1296FFDA80086A093 /* NoteListAssemble.swift */,
			);
			path = NoteListAssemble;
			sourceTree = "<group>";
		};
		583C43CC296FFE370086A093 /* NoteListView */ = {
			isa = PBXGroup;
			children = (
				583C43DB297009090086A093 /* NoteListCell */,
				583C43C7296FFDE20086A093 /* NoteListViewController.swift */,
				583C43C9296FFDEB0086A093 /* NoteListViewInput.swift */,
			);
			path = NoteListView;
			sourceTree = "<group>";
		};
		583C43CD296FFE4C0086A093 /* NoteListPresenter */ = {
			isa = PBXGroup;
			children = (
				583C43C3296FFDB80086A093 /* NoteListPresenter.swift */,
				583C43C5296FFDCD0086A093 /* NoteListPresenterProtocol.swift */,
			);
			path = NoteListPresenter;
			sourceTree = "<group>";
		};
		583C43CE297004A80086A093 /* NoteInfoAssemble */ = {
			isa = PBXGroup;
			children = (
				583C43CF297004B50086A093 /* NoteInfoAssemble.swift */,
			);
			path = NoteInfoAssemble;
			sourceTree = "<group>";
		};
		583C43D1297004F20086A093 /* NoteInfoView */ = {
			isa = PBXGroup;
			children = (
				583C43D2297004FF0086A093 /* NoteInfoViewController.swift */,
				583C43D42970054C0086A093 /* NoteInfoViewInput.swift */,
			);
			path = NoteInfoView;
			sourceTree = "<group>";
		};
		583C43D6297005610086A093 /* NoteInfoPresenter */ = {
			isa = PBXGroup;
			children = (
				583C43D72970057B0086A093 /* NoteInfoPresenterProtocol.swift */,
				583C43D9297005900086A093 /* NoteInfoPresenter.swift */,
			);
			path = NoteInfoPresenter;
			sourceTree = "<group>";
		};
		583C43DB297009090086A093 /* NoteListCell */ = {
			isa = PBXGroup;
			children = (
				583C43DC2970091A0086A093 /* NoteListCell.swift */,
			);
			path = NoteListCell;
			sourceTree = "<group>";
		};
/* End PBXGroup section */

/* Begin PBXNativeTarget section */
		583C4396296FF5580086A093 /* SimpleNotes */ = {
			isa = PBXNativeTarget;
			buildConfigurationList = 583C43AB296FF5590086A093 /* Build configuration list for PBXNativeTarget "SimpleNotes" */;
			buildPhases = (
				583C4393296FF5580086A093 /* Sources */,
				583C43AE296FF5B70086A093 /* Run Script */,
				583C4394296FF5580086A093 /* Frameworks */,
				583C4395296FF5580086A093 /* Resources */,
			);
			buildRules = (
			);
			dependencies = (
			);
			name = SimpleNotes;
			productName = SimpleNotes;
			productReference = 583C4397296FF5580086A093 /* SimpleNotes.app */;
			productType = "com.apple.product-type.application";
		};
/* End PBXNativeTarget section */

/* Begin PBXProject section */
		583C438F296FF5580086A093 /* Project object */ = {
			isa = PBXProject;
			attributes = {
				BuildIndependentTargetsInParallel = 1;
				LastSwiftUpdateCheck = 1420;
				LastUpgradeCheck = 1420;
				TargetAttributes = {
					583C4396296FF5580086A093 = {
						CreatedOnToolsVersion = 14.2;
					};
				};
			};
			buildConfigurationList = 583C4392296FF5580086A093 /* Build configuration list for PBXProject "SimpleNotes" */;
			compatibilityVersion = "Xcode 14.0";
			developmentRegion = en;
			hasScannedForEncodings = 0;
			knownRegions = (
				en,
				Base,
			);
			mainGroup = 583C438E296FF5580086A093;
			productRefGroup = 583C4398296FF5580086A093 /* Products */;
			projectDirPath = "";
			projectRoot = "";
			targets = (
				583C4396296FF5580086A093 /* SimpleNotes */,
			);
		};
/* End PBXProject section */

/* Begin PBXResourcesBuildPhase section */
		583C4395296FF5580086A093 /* Resources */ = {
			isa = PBXResourcesBuildPhase;
			buildActionMask = 2147483647;
			files = (
				583C43A7296FF5590086A093 /* LaunchScreen.storyboard in Resources */,
				583C43A4296FF5590086A093 /* Assets.xcassets in Resources */,
			);
			runOnlyForDeploymentPostprocessing = 0;
		};
/* End PBXResourcesBuildPhase section */

/* Begin PBXShellScriptBuildPhase section */
		583C43AE296FF5B70086A093 /* Run Script */ = {
			isa = PBXShellScriptBuildPhase;
			alwaysOutOfDate = 1;
			buildActionMask = 2147483647;
			files = (
			);
			inputFileListPaths = (
			);
			inputPaths = (
			);
			name = "Run Script";
			outputFileListPaths = (
			);
			outputPaths = (
			);
			runOnlyForDeploymentPostprocessing = 0;
			shellPath = /bin/sh;
			shellScript = "export PATH=\"$PATH:\"\nexport PATH+=~/\nexport PATH+=\"portable_swiftlint\"\nif which swiftlint > /dev/null; then\n  swiftlint\nelse\n  echo \"warning: SwiftLint not installed, download from https://github.com/realm/SwiftLint\"\nfi\n";
		};
/* End PBXShellScriptBuildPhase section */

/* Begin PBXSourcesBuildPhase section */
		583C4393296FF5580086A093 /* Sources */ = {
			isa = PBXSourcesBuildPhase;
			buildActionMask = 2147483647;
			files = (
				583C43C8296FFDE20086A093 /* NoteListViewController.swift in Sources */,
				583C43B3296FFC110086A093 /* Extensions.swift in Sources */,
				583C43C6296FFDCD0086A093 /* NoteListPresenterProtocol.swift in Sources */,
				583C43D52970054C0086A093 /* NoteInfoViewInput.swift in Sources */,
				583C439B296FF5580086A093 /* AppDelegate.swift in Sources */,
				583C439D296FF5580086A093 /* SceneDelegate.swift in Sources */,
				583C43D3297004FF0086A093 /* NoteInfoViewController.swift in Sources */,
				583C43B9296FFCB00086A093 /* NoteStorage.swift in Sources */,
				583C43DF2970094E0086A093 /* DateFormat.swift in Sources */,
				583C43D82970057B0086A093 /* NoteInfoPresenterProtocol.swift in Sources */,
				583C43CA296FFDEB0086A093 /* NoteListViewInput.swift in Sources */,
				583C43D0297004B50086A093 /* NoteInfoAssemble.swift in Sources */,
				583C43C4296FFDB80086A093 /* NoteListPresenter.swift in Sources */,
				583C43DA297005900086A093 /* NoteInfoPresenter.swift in Sources */,
				583C43B0296FFBE80086A093 /* Constants.swift in Sources */,
				583C43B7296FFC890086A093 /* Note.swift in Sources */,
				583C43DD2970091A0086A093 /* NoteListCell.swift in Sources */,
				583C43C2296FFDA80086A093 /* NoteListAssemble.swift in Sources */,
			);
			runOnlyForDeploymentPostprocessing = 0;
		};
/* End PBXSourcesBuildPhase section */

/* Begin PBXVariantGroup section */
		583C43A5296FF5590086A093 /* LaunchScreen.storyboard */ = {
			isa = PBXVariantGroup;
			children = (
				583C43A6296FF5590086A093 /* Base */,
			);
			name = LaunchScreen.storyboard;
			sourceTree = "<group>";
		};
/* End PBXVariantGroup section */

/* Begin XCBuildConfiguration section */
		583C43A9296FF5590086A093 /* Debug */ = {
			isa = XCBuildConfiguration;
			buildSettings = {
				ALWAYS_SEARCH_USER_PATHS = NO;
				CLANG_ANALYZER_NONNULL = YES;
				CLANG_ANALYZER_NUMBER_OBJECT_CONVERSION = YES_AGGRESSIVE;
				CLANG_CXX_LANGUAGE_STANDARD = "gnu++20";
				CLANG_ENABLE_MODULES = YES;
				CLANG_ENABLE_OBJC_ARC = YES;
				CLANG_ENABLE_OBJC_WEAK = YES;
				CLANG_WARN_BLOCK_CAPTURE_AUTORELEASING = YES;
				CLANG_WARN_BOOL_CONVERSION = YES;
				CLANG_WARN_COMMA = YES;
				CLANG_WARN_CONSTANT_CONVERSION = YES;
				CLANG_WARN_DEPRECATED_OBJC_IMPLEMENTATIONS = YES;
				CLANG_WARN_DIRECT_OBJC_ISA_USAGE = YES_ERROR;
				CLANG_WARN_DOCUMENTATION_COMMENTS = YES;
				CLANG_WARN_EMPTY_BODY = YES;
				CLANG_WARN_ENUM_CONVERSION = YES;
				CLANG_WARN_INFINITE_RECURSION = YES;
				CLANG_WARN_INT_CONVERSION = YES;
				CLANG_WARN_NON_LITERAL_NULL_CONVERSION = YES;
				CLANG_WARN_OBJC_IMPLICIT_RETAIN_SELF = YES;
				CLANG_WARN_OBJC_LITERAL_CONVERSION = YES;
				CLANG_WARN_OBJC_ROOT_CLASS = YES_ERROR;
				CLANG_WARN_QUOTED_INCLUDE_IN_FRAMEWORK_HEADER = YES;
				CLANG_WARN_RANGE_LOOP_ANALYSIS = YES;
				CLANG_WARN_STRICT_PROTOTYPES = YES;
				CLANG_WARN_SUSPICIOUS_MOVE = YES;
				CLANG_WARN_UNGUARDED_AVAILABILITY = YES_AGGRESSIVE;
				CLANG_WARN_UNREACHABLE_CODE = YES;
				CLANG_WARN__DUPLICATE_METHOD_MATCH = YES;
				COPY_PHASE_STRIP = NO;
				DEBUG_INFORMATION_FORMAT = dwarf;
				ENABLE_STRICT_OBJC_MSGSEND = YES;
				ENABLE_TESTABILITY = YES;
				GCC_C_LANGUAGE_STANDARD = gnu11;
				GCC_DYNAMIC_NO_PIC = NO;
				GCC_NO_COMMON_BLOCKS = YES;
				GCC_OPTIMIZATION_LEVEL = 0;
				GCC_PREPROCESSOR_DEFINITIONS = (
					"DEBUG=1",
					"$(inherited)",
				);
				GCC_WARN_64_TO_32_BIT_CONVERSION = YES;
				GCC_WARN_ABOUT_RETURN_TYPE = YES_ERROR;
				GCC_WARN_UNDECLARED_SELECTOR = YES;
				GCC_WARN_UNINITIALIZED_AUTOS = YES_AGGRESSIVE;
				GCC_WARN_UNUSED_FUNCTION = YES;
				GCC_WARN_UNUSED_VARIABLE = YES;
				IPHONEOS_DEPLOYMENT_TARGET = 15.5;
				MTL_ENABLE_DEBUG_INFO = INCLUDE_SOURCE;
				MTL_FAST_MATH = YES;
				ONLY_ACTIVE_ARCH = YES;
				SDKROOT = iphoneos;
				SWIFT_ACTIVE_COMPILATION_CONDITIONS = DEBUG;
				SWIFT_OPTIMIZATION_LEVEL = "-Onone";
			};
			name = Debug;
		};
		583C43AA296FF5590086A093 /* Release */ = {
			isa = XCBuildConfiguration;
			buildSettings = {
				ALWAYS_SEARCH_USER_PATHS = NO;
				CLANG_ANALYZER_NONNULL = YES;
				CLANG_ANALYZER_NUMBER_OBJECT_CONVERSION = YES_AGGRESSIVE;
				CLANG_CXX_LANGUAGE_STANDARD = "gnu++20";
				CLANG_ENABLE_MODULES = YES;
				CLANG_ENABLE_OBJC_ARC = YES;
				CLANG_ENABLE_OBJC_WEAK = YES;
				CLANG_WARN_BLOCK_CAPTURE_AUTORELEASING = YES;
				CLANG_WARN_BOOL_CONVERSION = YES;
				CLANG_WARN_COMMA = YES;
				CLANG_WARN_CONSTANT_CONVERSION = YES;
				CLANG_WARN_DEPRECATED_OBJC_IMPLEMENTATIONS = YES;
				CLANG_WARN_DIRECT_OBJC_ISA_USAGE = YES_ERROR;
				CLANG_WARN_DOCUMENTATION_COMMENTS = YES;
				CLANG_WARN_EMPTY_BODY = YES;
				CLANG_WARN_ENUM_CONVERSION = YES;
				CLANG_WARN_INFINITE_RECURSION = YES;
				CLANG_WARN_INT_CONVERSION = YES;
				CLANG_WARN_NON_LITERAL_NULL_CONVERSION = YES;
				CLANG_WARN_OBJC_IMPLICIT_RETAIN_SELF = YES;
				CLANG_WARN_OBJC_LITERAL_CONVERSION = YES;
				CLANG_WARN_OBJC_ROOT_CLASS = YES_ERROR;
				CLANG_WARN_QUOTED_INCLUDE_IN_FRAMEWORK_HEADER = YES;
				CLANG_WARN_RANGE_LOOP_ANALYSIS = YES;
				CLANG_WARN_STRICT_PROTOTYPES = YES;
				CLANG_WARN_SUSPICIOUS_MOVE = YES;
				CLANG_WARN_UNGUARDED_AVAILABILITY = YES_AGGRESSIVE;
				CLANG_WARN_UNREACHABLE_CODE = YES;
				CLANG_WARN__DUPLICATE_METHOD_MATCH = YES;
				COPY_PHASE_STRIP = NO;
				DEBUG_INFORMATION_FORMAT = "dwarf-with-dsym";
				ENABLE_NS_ASSERTIONS = NO;
				ENABLE_STRICT_OBJC_MSGSEND = YES;
				GCC_C_LANGUAGE_STANDARD = gnu11;
				GCC_NO_COMMON_BLOCKS = YES;
				GCC_WARN_64_TO_32_BIT_CONVERSION = YES;
				GCC_WARN_ABOUT_RETURN_TYPE = YES_ERROR;
				GCC_WARN_UNDECLARED_SELECTOR = YES;
				GCC_WARN_UNINITIALIZED_AUTOS = YES_AGGRESSIVE;
				GCC_WARN_UNUSED_FUNCTION = YES;
				GCC_WARN_UNUSED_VARIABLE = YES;
				IPHONEOS_DEPLOYMENT_TARGET = 15.5;
				MTL_ENABLE_DEBUG_INFO = NO;
				MTL_FAST_MATH = YES;
				SDKROOT = iphoneos;
				SWIFT_COMPILATION_MODE = wholemodule;
				SWIFT_OPTIMIZATION_LEVEL = "-O";
				VALIDATE_PRODUCT = YES;
			};
			name = Release;
		};
		583C43AC296FF5590086A093 /* Debug */ = {
			isa = XCBuildConfiguration;
			buildSettings = {
				ASSETCATALOG_COMPILER_APPICON_NAME = AppIcon;
				ASSETCATALOG_COMPILER_GLOBAL_ACCENT_COLOR_NAME = AccentColor;
				CODE_SIGN_STYLE = Automatic;
				CURRENT_PROJECT_VERSION = 1;
				DEVELOPMENT_TEAM = 9795PC2KY3;
				GENERATE_INFOPLIST_FILE = YES;
				INFOPLIST_FILE = SimpleNotes/Info.plist;
				INFOPLIST_KEY_UIApplicationSupportsIndirectInputEvents = YES;
				INFOPLIST_KEY_UILaunchStoryboardName = LaunchScreen;
				INFOPLIST_KEY_UISupportedInterfaceOrientations = UIInterfaceOrientationPortrait;
				INFOPLIST_KEY_UISupportedInterfaceOrientations_iPad = "UIInterfaceOrientationLandscapeLeft UIInterfaceOrientationLandscapeRight UIInterfaceOrientationPortrait UIInterfaceOrientationPortraitUpsideDown";
				IPHONEOS_DEPLOYMENT_TARGET = 15.5;
				LD_RUNPATH_SEARCH_PATHS = (
					"$(inherited)",
					"@executable_path/Frameworks",
				);
				MARKETING_VERSION = 1.0;
				PRODUCT_BUNDLE_IDENTIFIER = aGRos.SimpleNotes;
				PRODUCT_NAME = "$(TARGET_NAME)";
				SUPPORTED_PLATFORMS = "iphoneos iphonesimulator";
				SUPPORTS_MACCATALYST = NO;
				SUPPORTS_MAC_DESIGNED_FOR_IPHONE_IPAD = NO;
				SWIFT_EMIT_LOC_STRINGS = YES;
				SWIFT_VERSION = 5.0;
				TARGETED_DEVICE_FAMILY = 1;
			};
			name = Debug;
		};
		583C43AD296FF5590086A093 /* Release */ = {
			isa = XCBuildConfiguration;
			buildSettings = {
				ASSETCATALOG_COMPILER_APPICON_NAME = AppIcon;
				ASSETCATALOG_COMPILER_GLOBAL_ACCENT_COLOR_NAME = AccentColor;
				CODE_SIGN_STYLE = Automatic;
				CURRENT_PROJECT_VERSION = 1;
				DEVELOPMENT_TEAM = 9795PC2KY3;
				GENERATE_INFOPLIST_FILE = YES;
				INFOPLIST_FILE = SimpleNotes/Info.plist;
				INFOPLIST_KEY_UIApplicationSupportsIndirectInputEvents = YES;
				INFOPLIST_KEY_UILaunchStoryboardName = LaunchScreen;
				INFOPLIST_KEY_UISupportedInterfaceOrientations = UIInterfaceOrientationPortrait;
				INFOPLIST_KEY_UISupportedInterfaceOrientations_iPad = "UIInterfaceOrientationLandscapeLeft UIInterfaceOrientationLandscapeRight UIInterfaceOrientationPortrait UIInterfaceOrientationPortraitUpsideDown";
				IPHONEOS_DEPLOYMENT_TARGET = 15.5;
				LD_RUNPATH_SEARCH_PATHS = (
					"$(inherited)",
					"@executable_path/Frameworks",
				);
				MARKETING_VERSION = 1.0;
				PRODUCT_BUNDLE_IDENTIFIER = aGRos.SimpleNotes;
				PRODUCT_NAME = "$(TARGET_NAME)";
				SUPPORTED_PLATFORMS = "iphoneos iphonesimulator";
				SUPPORTS_MACCATALYST = NO;
				SUPPORTS_MAC_DESIGNED_FOR_IPHONE_IPAD = NO;
				SWIFT_EMIT_LOC_STRINGS = YES;
				SWIFT_VERSION = 5.0;
				TARGETED_DEVICE_FAMILY = 1;
			};
			name = Release;
		};
/* End XCBuildConfiguration section */

/* Begin XCConfigurationList section */
		583C4392296FF5580086A093 /* Build configuration list for PBXProject "SimpleNotes" */ = {
			isa = XCConfigurationList;
			buildConfigurations = (
				583C43A9296FF5590086A093 /* Debug */,
				583C43AA296FF5590086A093 /* Release */,
			);
			defaultConfigurationIsVisible = 0;
			defaultConfigurationName = Release;
		};
		583C43AB296FF5590086A093 /* Build configuration list for PBXNativeTarget "SimpleNotes" */ = {
			isa = XCConfigurationList;
			buildConfigurations = (
				583C43AC296FF5590086A093 /* Debug */,
				583C43AD296FF5590086A093 /* Release */,
			);
			defaultConfigurationIsVisible = 0;
			defaultConfigurationName = Release;
		};
/* End XCConfigurationList section */
	};
	rootObject = 583C438F296FF5580086A093 /* Project object */;
}
